
Microsoft Visual Studio Solution File, Format Version 12.00
# Visual Studio Version 17
VisualStudioVersion = 17.9.34616.47
MinimumVisualStudioVersion = 10.0.40219.1
Project("{8BC9CEB8-8B4A-11D0-8D11-00A0C91BC942}") = "BinarySearchTree", "BinarySearchTree\BinarySearchTree.vcxproj", "{C13B97C9-5E3A-43ED-9368-AF8AE42FA58C}"
EndProject
Global
	GlobalSection(SolutionConfigurationPlatforms) = preSolution
		Debug|x64 = Debug|x64
		Debug|x86 = Debug|x86
		Release|x64 = Release|x64
		Release|x86 = Release|x86
	EndGlobalSection
	GlobalSection(ProjectConfigurationPlatforms) = postSolution
		{C13B97C9-5E3A-43ED-9368-AF8AE42FA58C}.Debug|x64.ActiveCfg = Debug|x64
		{C13B97C9-5E3A-43ED-9368-AF8AE42FA58C}.Debug|x64.Build.0 = Debug|x64
		{C13B97C9-5E3A-43ED-9368-AF8AE42FA58C}.Debug|x86.ActiveCfg = Debug|Win32
		{C13B97C9-5E3A-43ED-9368-AF8AE42FA58C}.Debug|x86.Build.0 = Debug|Win32
		{C13B97C9-5E3A-43ED-9368-AF8AE42FA58C}.Release|x64.ActiveCfg = Release|x64
		{C13B97C9-5E3A-43ED-9368-AF8AE42FA58C}.Release|x64.Build.0 = Release|x64
		{C13B97C9-5E3A-43ED-9368-AF8AE42FA58C}.Release|x86.ActiveCfg = Release|Win32
		{C13B97C9-5E3A-43ED-9368-AF8AE42FA58C}.Release|x86.Build.0 = Release|Win32
	EndGlobalSection
	GlobalSection(SolutionProperties) = preSolution
		HideSolutionNode = FALSE
	EndGlobalSection
	GlobalSection(ExtensibilityGlobals) = postSolution
		SolutionGuid = {293FE6B3-66BB-48AE-8A27-5FF12F1D142B}
	EndGlobalSection
EndGlobal
